// !$*UTF8*$!
{
	archiveVersion = 1;
	classes = {
	};
	objectVersion = 56;
	objects = {

/* Begin PBXBuildFile section */
		5BBB59D92996F82D0020EE73 /* AppDelegate.swift in Sources */ = {isa = PBXBuildFile; fileRef = 5BBB59D82996F82D0020EE73 /* AppDelegate.swift */; };
		5BBB59DD2996F82D0020EE73 /* Main.html in Resources */ = {isa = PBXBuildFile; fileRef = 5BBB59DB2996F82D0020EE73 /* Main.html */; };
		5BBB59DF2996F82D0020EE73 /* Icon.png in Resources */ = {isa = PBXBuildFile; fileRef = 5BBB59DE2996F82D0020EE73 /* Icon.png */; };
		5BBB59E12996F82D0020EE73 /* Style.css in Resources */ = {isa = PBXBuildFile; fileRef = 5BBB59E02996F82D0020EE73 /* Style.css */; };
		5BBB59E32996F82D0020EE73 /* SceneDelegate.swift in Sources */ = {isa = PBXBuildFile; fileRef = 5BBB59E22996F82D0020EE73 /* SceneDelegate.swift */; };
		5BBB59E52996F82D0020EE73 /* ViewController.swift in Sources */ = {isa = PBXBuildFile; fileRef = 5BBB59E42996F82D0020EE73 /* ViewController.swift */; };
		5BBB59E82996F82D0020EE73 /* LaunchScreen.storyboard in Resources */ = {isa = PBXBuildFile; fileRef = 5BBB59E62996F82D0020EE73 /* LaunchScreen.storyboard */; };
		5BBB59EB2996F82D0020EE73 /* Main.storyboard in Resources */ = {isa = PBXBuildFile; fileRef = 5BBB59E92996F82D0020EE73 /* Main.storyboard */; };
		5BBB59F32996F82E0020EE73 /* WebpayEnhancer Extension.appex in Embed Foundation Extensions */ = {isa = PBXBuildFile; fileRef = 5BBB59F22996F82E0020EE73 /* WebpayEnhancer Extension.appex */; settings = {ATTRIBUTES = (RemoveHeadersOnCopy, ); }; };
		5BBB59F82996F82E0020EE73 /* SafariWebExtensionHandler.swift in Sources */ = {isa = PBXBuildFile; fileRef = 5BBB59F72996F82E0020EE73 /* SafariWebExtensionHandler.swift */; };
		5BBB59FB2996F82E0020EE73 /* _locales in Resources */ = {isa = PBXBuildFile; fileRef = 5BBB59FA2996F82E0020EE73 /* _locales */; };
		5BBB59FD2996F82E0020EE73 /* images in Resources */ = {isa = PBXBuildFile; fileRef = 5BBB59FC2996F82E0020EE73 /* images */; };
		5BBB59FF2996F82E0020EE73 /* manifest.json in Resources */ = {isa = PBXBuildFile; fileRef = 5BBB59FE2996F82E0020EE73 /* manifest.json */; };
		5BBB5A012996F82E0020EE73 /* background.js in Resources */ = {isa = PBXBuildFile; fileRef = 5BBB5A002996F82E0020EE73 /* background.js */; };
		5BBB5A032996F82E0020EE73 /* content.js in Resources */ = {isa = PBXBuildFile; fileRef = 5BBB5A022996F82E0020EE73 /* content.js */; };
		5BBB5A052996F82E0020EE73 /* popup.html in Resources */ = {isa = PBXBuildFile; fileRef = 5BBB5A042996F82E0020EE73 /* popup.html */; };
		5BBB5A072996F82E0020EE73 /* popup.css in Resources */ = {isa = PBXBuildFile; fileRef = 5BBB5A062996F82E0020EE73 /* popup.css */; };
		5BBB5A092996F82E0020EE73 /* popup.js in Resources */ = {isa = PBXBuildFile; fileRef = 5BBB5A082996F82E0020EE73 /* popup.js */; };
		5BBB5A0B2996F82E0020EE73 /* Assets.xcassets in Resources */ = {isa = PBXBuildFile; fileRef = 5BBB59EC2996F82D0020EE73 /* Assets.xcassets */; };
/* End PBXBuildFile section */

/* Begin PBXContainerItemProxy section */
		5BBB59F42996F82E0020EE73 /* PBXContainerItemProxy */ = {
			isa = PBXContainerItemProxy;
			containerPortal = 5BBB59CD2996F82C0020EE73 /* Project object */;
			proxyType = 1;
			remoteGlobalIDString = 5BBB59F12996F82E0020EE73;
			remoteInfo = "WebpayEnhancer Extension";
		};
/* End PBXContainerItemProxy section */

/* Begin PBXCopyFilesBuildPhase section */
		5BBB5A112996F82E0020EE73 /* Embed Foundation Extensions */ = {
			isa = PBXCopyFilesBuildPhase;
			buildActionMask = 2147483647;
			dstPath = "";
			dstSubfolderSpec = 13;
			files = (
				5BBB59F32996F82E0020EE73 /* WebpayEnhancer Extension.appex in Embed Foundation Extensions */,
			);
			name = "Embed Foundation Extensions";
			runOnlyForDeploymentPostprocessing = 0;
		};
/* End PBXCopyFilesBuildPhase section */

/* Begin PBXFileReference section */
		5BBB59D52996F82D0020EE73 /* WebpayEnhancer.app */ = {isa = PBXFileReference; explicitFileType = wrapper.application; includeInIndex = 0; path = WebpayEnhancer.app; sourceTree = BUILT_PRODUCTS_DIR; };
		5BBB59D82996F82D0020EE73 /* AppDelegate.swift */ = {isa = PBXFileReference; lastKnownFileType = sourcecode.swift; path = AppDelegate.swift; sourceTree = "<group>"; };
		5BBB59DC2996F82D0020EE73 /* Base */ = {isa = PBXFileReference; lastKnownFileType = text.html; name = Base; path = ../Base.lproj/Main.html; sourceTree = "<group>"; };
		5BBB59DE2996F82D0020EE73 /* Icon.png */ = {isa = PBXFileReference; lastKnownFileType = image.png; path = Icon.png; sourceTree = "<group>"; };
		5BBB59E02996F82D0020EE73 /* Style.css */ = {isa = PBXFileReference; lastKnownFileType = text.css; path = Style.css; sourceTree = "<group>"; };
		5BBB59E22996F82D0020EE73 /* SceneDelegate.swift */ = {isa = PBXFileReference; lastKnownFileType = sourcecode.swift; path = SceneDelegate.swift; sourceTree = "<group>"; };
		5BBB59E42996F82D0020EE73 /* ViewController.swift */ = {isa = PBXFileReference; lastKnownFileType = sourcecode.swift; path = ViewController.swift; sourceTree = "<group>"; };
		5BBB59E72996F82D0020EE73 /* Base */ = {isa = PBXFileReference; lastKnownFileType = file.storyboard; name = Base; path = Base.lproj/LaunchScreen.storyboard; sourceTree = "<group>"; };
		5BBB59EA2996F82D0020EE73 /* Base */ = {isa = PBXFileReference; lastKnownFileType = file.storyboard; name = Base; path = Base.lproj/Main.storyboard; sourceTree = "<group>"; };
		5BBB59EC2996F82D0020EE73 /* Assets.xcassets */ = {isa = PBXFileReference; lastKnownFileType = folder.assetcatalog; path = Assets.xcassets; sourceTree = "<group>"; };
		5BBB59ED2996F82D0020EE73 /* Info.plist */ = {isa = PBXFileReference; lastKnownFileType = text.plist.xml; path = Info.plist; sourceTree = "<group>"; };
		5BBB59F22996F82E0020EE73 /* WebpayEnhancer Extension.appex */ = {isa = PBXFileReference; explicitFileType = "wrapper.app-extension"; includeInIndex = 0; path = "WebpayEnhancer Extension.appex"; sourceTree = BUILT_PRODUCTS_DIR; };
		5BBB59F72996F82E0020EE73 /* SafariWebExtensionHandler.swift */ = {isa = PBXFileReference; lastKnownFileType = sourcecode.swift; path = SafariWebExtensionHandler.swift; sourceTree = "<group>"; };
		5BBB59FA2996F82E0020EE73 /* _locales */ = {isa = PBXFileReference; lastKnownFileType = folder; path = _locales; sourceTree = "<group>"; };
		5BBB59FC2996F82E0020EE73 /* images */ = {isa = PBXFileReference; lastKnownFileType = folder; path = images; sourceTree = "<group>"; };
		5BBB59FE2996F82E0020EE73 /* manifest.json */ = {isa = PBXFileReference; lastKnownFileType = text.json; path = manifest.json; sourceTree = "<group>"; };
		5BBB5A002996F82E0020EE73 /* background.js */ = {isa = PBXFileReference; lastKnownFileType = sourcecode.javascript; path = background.js; sourceTree = "<group>"; };
		5BBB5A022996F82E0020EE73 /* content.js */ = {isa = PBXFileReference; lastKnownFileType = sourcecode.javascript; path = content.js; sourceTree = "<group>"; };
		5BBB5A042996F82E0020EE73 /* popup.html */ = {isa = PBXFileReference; lastKnownFileType = text.html; path = popup.html; sourceTree = "<group>"; };
		5BBB5A062996F82E0020EE73 /* popup.css */ = {isa = PBXFileReference; lastKnownFileType = text.css; path = popup.css; sourceTree = "<group>"; };
		5BBB5A082996F82E0020EE73 /* popup.js */ = {isa = PBXFileReference; lastKnownFileType = sourcecode.javascript; path = popup.js; sourceTree = "<group>"; };
		5BBB5A0A2996F82E0020EE73 /* Info.plist */ = {isa = PBXFileReference; lastKnownFileType = text.plist.xml; path = Info.plist; sourceTree = "<group>"; };
/* End PBXFileReference section */

/* Begin PBXFrameworksBuildPhase section */
		5BBB59D22996F82D0020EE73 /* Frameworks */ = {
			isa = PBXFrameworksBuildPhase;
			buildActionMask = 2147483647;
			files = (
			);
			runOnlyForDeploymentPostprocessing = 0;
		};
		5BBB59EF2996F82E0020EE73 /* Frameworks */ = {
			isa = PBXFrameworksBuildPhase;
			buildActionMask = 2147483647;
			files = (
			);
			runOnlyForDeploymentPostprocessing = 0;
		};
/* End PBXFrameworksBuildPhase section */

/* Begin PBXGroup section */
		5BBB59CC2996F82C0020EE73 = {
			isa = PBXGroup;
			children = (
				5BBB59D72996F82D0020EE73 /* WebpayEnhancer */,
				5BBB59F62996F82E0020EE73 /* WebpayEnhancer Extension */,
				5BBB59D62996F82D0020EE73 /* Products */,
			);
			sourceTree = "<group>";
		};
		5BBB59D62996F82D0020EE73 /* Products */ = {
			isa = PBXGroup;
			children = (
				5BBB59D52996F82D0020EE73 /* WebpayEnhancer.app */,
				5BBB59F22996F82E0020EE73 /* WebpayEnhancer Extension.appex */,
			);
			name = Products;
			sourceTree = "<group>";
		};
		5BBB59D72996F82D0020EE73 /* WebpayEnhancer */ = {
			isa = PBXGroup;
			children = (
				5BBB59D82996F82D0020EE73 /* AppDelegate.swift */,
				5BBB59E22996F82D0020EE73 /* SceneDelegate.swift */,
				5BBB59E42996F82D0020EE73 /* ViewController.swift */,
				5BBB59E62996F82D0020EE73 /* LaunchScreen.storyboard */,
				5BBB59E92996F82D0020EE73 /* Main.storyboard */,
				5BBB59EC2996F82D0020EE73 /* Assets.xcassets */,
				5BBB59ED2996F82D0020EE73 /* Info.plist */,
				5BBB59DA2996F82D0020EE73 /* Resources */,
			);
			path = WebpayEnhancer;
			sourceTree = "<group>";
		};
		5BBB59DA2996F82D0020EE73 /* Resources */ = {
			isa = PBXGroup;
			children = (
				5BBB59DB2996F82D0020EE73 /* Main.html */,
				5BBB59DE2996F82D0020EE73 /* Icon.png */,
				5BBB59E02996F82D0020EE73 /* Style.css */,
			);
			path = Resources;
			sourceTree = "<group>";
		};
		5BBB59F62996F82E0020EE73 /* WebpayEnhancer Extension */ = {
			isa = PBXGroup;
			children = (
				5BBB59F72996F82E0020EE73 /* SafariWebExtensionHandler.swift */,
				5BBB5A0A2996F82E0020EE73 /* Info.plist */,
				5BBB59F92996F82E0020EE73 /* Resources */,
			);
			path = "WebpayEnhancer Extension";
			sourceTree = "<group>";
		};
		5BBB59F92996F82E0020EE73 /* Resources */ = {
			isa = PBXGroup;
			children = (
				5BBB59FA2996F82E0020EE73 /* _locales */,
				5BBB59FC2996F82E0020EE73 /* images */,
				5BBB59FE2996F82E0020EE73 /* manifest.json */,
				5BBB5A002996F82E0020EE73 /* background.js */,
				5BBB5A022996F82E0020EE73 /* content.js */,
				5BBB5A042996F82E0020EE73 /* popup.html */,
				5BBB5A062996F82E0020EE73 /* popup.css */,
				5BBB5A082996F82E0020EE73 /* popup.js */,
			);
			path = Resources;
			sourceTree = "<group>";
		};
/* End PBXGroup section */

/* Begin PBXNativeTarget section */
		5BBB59D42996F82D0020EE73 /* WebpayEnhancer */ = {
			isa = PBXNativeTarget;
			buildConfigurationList = 5BBB5A122996F82E0020EE73 /* Build configuration list for PBXNativeTarget "WebpayEnhancer" */;
			buildPhases = (
				5BBB59D12996F82D0020EE73 /* Sources */,
				5BBB59D22996F82D0020EE73 /* Frameworks */,
				5BBB59D32996F82D0020EE73 /* Resources */,
				5BBB5A112996F82E0020EE73 /* Embed Foundation Extensions */,
			);
			buildRules = (
			);
			dependencies = (
				5BBB59F52996F82E0020EE73 /* PBXTargetDependency */,
			);
			name = WebpayEnhancer;
			productName = WebpayEnhancer;
			productReference = 5BBB59D52996F82D0020EE73 /* WebpayEnhancer.app */;
			productType = "com.apple.product-type.application";
		};
		5BBB59F12996F82E0020EE73 /* WebpayEnhancer Extension */ = {
			isa = PBXNativeTarget;
			buildConfigurationList = 5BBB5A0E2996F82E0020EE73 /* Build configuration list for PBXNativeTarget "WebpayEnhancer Extension" */;
			buildPhases = (
				5BBB59EE2996F82E0020EE73 /* Sources */,
				5BBB59EF2996F82E0020EE73 /* Frameworks */,
				5BBB59F02996F82E0020EE73 /* Resources */,
			);
			buildRules = (
			);
			dependencies = (
			);
			name = "WebpayEnhancer Extension";
			productName = "WebpayEnhancer Extension";
			productReference = 5BBB59F22996F82E0020EE73 /* WebpayEnhancer Extension.appex */;
			productType = "com.apple.product-type.app-extension";
		};
/* End PBXNativeTarget section */

/* Begin PBXProject section */
		5BBB59CD2996F82C0020EE73 /* Project object */ = {
			isa = PBXProject;
			attributes = {
				BuildIndependentTargetsInParallel = 1;
				LastSwiftUpdateCheck = 1420;
				LastUpgradeCheck = 1420;
				TargetAttributes = {
					5BBB59D42996F82D0020EE73 = {
						CreatedOnToolsVersion = 14.2;
					};
					5BBB59F12996F82E0020EE73 = {
						CreatedOnToolsVersion = 14.2;
					};
				};
			};
			buildConfigurationList = 5BBB59D02996F82C0020EE73 /* Build configuration list for PBXProject "WebpayEnhancer" */;
			compatibilityVersion = "Xcode 14.0";
			developmentRegion = en;
			hasScannedForEncodings = 0;
			knownRegions = (
				en,
				Base,
			);
			mainGroup = 5BBB59CC2996F82C0020EE73;
			productRefGroup = 5BBB59D62996F82D0020EE73 /* Products */;
			projectDirPath = "";
			projectRoot = "";
			targets = (
				5BBB59D42996F82D0020EE73 /* WebpayEnhancer */,
				5BBB59F12996F82E0020EE73 /* WebpayEnhancer Extension */,
			);
		};
/* End PBXProject section */

/* Begin PBXResourcesBuildPhase section */
		5BBB59D32996F82D0020EE73 /* Resources */ = {
			isa = PBXResourcesBuildPhase;
			buildActionMask = 2147483647;
			files = (
				5BBB59DF2996F82D0020EE73 /* Icon.png in Resources */,
				5BBB59EB2996F82D0020EE73 /* Main.storyboard in Resources */,
				5BBB59E82996F82D0020EE73 /* LaunchScreen.storyboard in Resources */,
				5BBB59DD2996F82D0020EE73 /* Main.html in Resources */,
				5BBB5A0B2996F82E0020EE73 /* Assets.xcassets in Resources */,
				5BBB59E12996F82D0020EE73 /* Style.css in Resources */,
			);
			runOnlyForDeploymentPostprocessing = 0;
		};
		5BBB59F02996F82E0020EE73 /* Resources */ = {
			isa = PBXResourcesBuildPhase;
			buildActionMask = 2147483647;
			files = (
				5BBB5A012996F82E0020EE73 /* background.js in Resources */,
				5BBB5A072996F82E0020EE73 /* popup.css in Resources */,
				5BBB5A052996F82E0020EE73 /* popup.html in Resources */,
				5BBB59FD2996F82E0020EE73 /* images in Resources */,
				5BBB59FF2996F82E0020EE73 /* manifest.json in Resources */,
				5BBB59FB2996F82E0020EE73 /* _locales in Resources */,
				5BBB5A032996F82E0020EE73 /* content.js in Resources */,
				5BBB5A092996F82E0020EE73 /* popup.js in Resources */,
			);
			runOnlyForDeploymentPostprocessing = 0;
		};
/* End PBXResourcesBuildPhase section */

/* Begin PBXSourcesBuildPhase section */
		5BBB59D12996F82D0020EE73 /* Sources */ = {
			isa = PBXSourcesBuildPhase;
			buildActionMask = 2147483647;
			files = (
				5BBB59E52996F82D0020EE73 /* ViewController.swift in Sources */,
				5BBB59D92996F82D0020EE73 /* AppDelegate.swift in Sources */,
				5BBB59E32996F82D0020EE73 /* SceneDelegate.swift in Sources */,
			);
			runOnlyForDeploymentPostprocessing = 0;
		};
		5BBB59EE2996F82E0020EE73 /* Sources */ = {
			isa = PBXSourcesBuildPhase;
			buildActionMask = 2147483647;
			files = (
				5BBB59F82996F82E0020EE73 /* SafariWebExtensionHandler.swift in Sources */,
			);
			runOnlyForDeploymentPostprocessing = 0;
		};
/* End PBXSourcesBuildPhase section */

/* Begin PBXTargetDependency section */
		5BBB59F52996F82E0020EE73 /* PBXTargetDependency */ = {
			isa = PBXTargetDependency;
			target = 5BBB59F12996F82E0020EE73 /* WebpayEnhancer Extension */;
			targetProxy = 5BBB59F42996F82E0020EE73 /* PBXContainerItemProxy */;
		};
/* End PBXTargetDependency section */

/* Begin PBXVariantGroup section */
		5BBB59DB2996F82D0020EE73 /* Main.html */ = {
			isa = PBXVariantGroup;
			children = (
				5BBB59DC2996F82D0020EE73 /* Base */,
			);
			name = Main.html;
			sourceTree = "<group>";
		};
		5BBB59E62996F82D0020EE73 /* LaunchScreen.storyboard */ = {
			isa = PBXVariantGroup;
			children = (
				5BBB59E72996F82D0020EE73 /* Base */,
			);
			name = LaunchScreen.storyboard;
			sourceTree = "<group>";
		};
		5BBB59E92996F82D0020EE73 /* Main.storyboard */ = {
			isa = PBXVariantGroup;
			children = (
				5BBB59EA2996F82D0020EE73 /* Base */,
			);
			name = Main.storyboard;
			sourceTree = "<group>";
		};
/* End PBXVariantGroup section */

/* Begin XCBuildConfiguration section */
		5BBB5A0C2996F82E0020EE73 /* Debug */ = {
			isa = XCBuildConfiguration;
			buildSettings = {
				ALWAYS_SEARCH_USER_PATHS = NO;
				CLANG_ANALYZER_NONNULL = YES;
				CLANG_ANALYZER_NUMBER_OBJECT_CONVERSION = YES_AGGRESSIVE;
				CLANG_CXX_LANGUAGE_STANDARD = "gnu++20";
				CLANG_ENABLE_MODULES = YES;
				CLANG_ENABLE_OBJC_ARC = YES;
				CLANG_ENABLE_OBJC_WEAK = YES;
				CLANG_WARN_BLOCK_CAPTURE_AUTORELEASING = YES;
				CLANG_WARN_BOOL_CONVERSION = YES;
				CLANG_WARN_COMMA = YES;
				CLANG_WARN_CONSTANT_CONVERSION = YES;
				CLANG_WARN_DEPRECATED_OBJC_IMPLEMENTATIONS = YES;
				CLANG_WARN_DIRECT_OBJC_ISA_USAGE = YES_ERROR;
				CLANG_WARN_DOCUMENTATION_COMMENTS = YES;
				CLANG_WARN_EMPTY_BODY = YES;
				CLANG_WARN_ENUM_CONVERSION = YES;
				CLANG_WARN_INFINITE_RECURSION = YES;
				CLANG_WARN_INT_CONVERSION = YES;
				CLANG_WARN_NON_LITERAL_NULL_CONVERSION = YES;
				CLANG_WARN_OBJC_IMPLICIT_RETAIN_SELF = YES;
				CLANG_WARN_OBJC_LITERAL_CONVERSION = YES;
				CLANG_WARN_OBJC_ROOT_CLASS = YES_ERROR;
				CLANG_WARN_QUOTED_INCLUDE_IN_FRAMEWORK_HEADER = YES;
				CLANG_WARN_RANGE_LOOP_ANALYSIS = YES;
				CLANG_WARN_STRICT_PROTOTYPES = YES;
				CLANG_WARN_SUSPICIOUS_MOVE = YES;
				CLANG_WARN_UNGUARDED_AVAILABILITY = YES_AGGRESSIVE;
				CLANG_WARN_UNREACHABLE_CODE = YES;
				CLANG_WARN__DUPLICATE_METHOD_MATCH = YES;
				COPY_PHASE_STRIP = NO;
				DEBUG_INFORMATION_FORMAT = dwarf;
				ENABLE_STRICT_OBJC_MSGSEND = YES;
				ENABLE_TESTABILITY = YES;
				GCC_C_LANGUAGE_STANDARD = gnu11;
				GCC_DYNAMIC_NO_PIC = NO;
				GCC_NO_COMMON_BLOCKS = YES;
				GCC_OPTIMIZATION_LEVEL = 0;
				GCC_PREPROCESSOR_DEFINITIONS = (
					"DEBUG=1",
					"$(inherited)",
				);
				GCC_WARN_64_TO_32_BIT_CONVERSION = YES;
				GCC_WARN_ABOUT_RETURN_TYPE = YES_ERROR;
				GCC_WARN_UNDECLARED_SELECTOR = YES;
				GCC_WARN_UNINITIALIZED_AUTOS = YES_AGGRESSIVE;
				GCC_WARN_UNUSED_FUNCTION = YES;
				GCC_WARN_UNUSED_VARIABLE = YES;
				IPHONEOS_DEPLOYMENT_TARGET = 16.2;
				MTL_ENABLE_DEBUG_INFO = INCLUDE_SOURCE;
				MTL_FAST_MATH = YES;
				ONLY_ACTIVE_ARCH = YES;
				SDKROOT = iphoneos;
				SWIFT_ACTIVE_COMPILATION_CONDITIONS = DEBUG;
				SWIFT_OPTIMIZATION_LEVEL = "-Onone";
			};
			name = Debug;
		};
		5BBB5A0D2996F82E0020EE73 /* Release */ = {
			isa = XCBuildConfiguration;
			buildSettings = {
				ALWAYS_SEARCH_USER_PATHS = NO;
				CLANG_ANALYZER_NONNULL = YES;
				CLANG_ANALYZER_NUMBER_OBJECT_CONVERSION = YES_AGGRESSIVE;
				CLANG_CXX_LANGUAGE_STANDARD = "gnu++20";
				CLANG_ENABLE_MODULES = YES;
				CLANG_ENABLE_OBJC_ARC = YES;
				CLANG_ENABLE_OBJC_WEAK = YES;
				CLANG_WARN_BLOCK_CAPTURE_AUTORELEASING = YES;
				CLANG_WARN_BOOL_CONVERSION = YES;
				CLANG_WARN_COMMA = YES;
				CLANG_WARN_CONSTANT_CONVERSION = YES;
				CLANG_WARN_DEPRECATED_OBJC_IMPLEMENTATIONS = YES;
				CLANG_WARN_DIRECT_OBJC_ISA_USAGE = YES_ERROR;
				CLANG_WARN_DOCUMENTATION_COMMENTS = YES;
				CLANG_WARN_EMPTY_BODY = YES;
				CLANG_WARN_ENUM_CONVERSION = YES;
				CLANG_WARN_INFINITE_RECURSION = YES;
				CLANG_WARN_INT_CONVERSION = YES;
				CLANG_WARN_NON_LITERAL_NULL_CONVERSION = YES;
				CLANG_WARN_OBJC_IMPLICIT_RETAIN_SELF = YES;
				CLANG_WARN_OBJC_LITERAL_CONVERSION = YES;
				CLANG_WARN_OBJC_ROOT_CLASS = YES_ERROR;
				CLANG_WARN_QUOTED_INCLUDE_IN_FRAMEWORK_HEADER = YES;
				CLANG_WARN_RANGE_LOOP_ANALYSIS = YES;
				CLANG_WARN_STRICT_PROTOTYPES = YES;
				CLANG_WARN_SUSPICIOUS_MOVE = YES;
				CLANG_WARN_UNGUARDED_AVAILABILITY = YES_AGGRESSIVE;
				CLANG_WARN_UNREACHABLE_CODE = YES;
				CLANG_WARN__DUPLICATE_METHOD_MATCH = YES;
				COPY_PHASE_STRIP = NO;
				DEBUG_INFORMATION_FORMAT = "dwarf-with-dsym";
				ENABLE_NS_ASSERTIONS = NO;
				ENABLE_STRICT_OBJC_MSGSEND = YES;
				GCC_C_LANGUAGE_STANDARD = gnu11;
				GCC_NO_COMMON_BLOCKS = YES;
				GCC_WARN_64_TO_32_BIT_CONVERSION = YES;
				GCC_WARN_ABOUT_RETURN_TYPE = YES_ERROR;
				GCC_WARN_UNDECLARED_SELECTOR = YES;
				GCC_WARN_UNINITIALIZED_AUTOS = YES_AGGRESSIVE;
				GCC_WARN_UNUSED_FUNCTION = YES;
				GCC_WARN_UNUSED_VARIABLE = YES;
				IPHONEOS_DEPLOYMENT_TARGET = 16.2;
				MTL_ENABLE_DEBUG_INFO = NO;
				MTL_FAST_MATH = YES;
				SDKROOT = iphoneos;
				SWIFT_COMPILATION_MODE = wholemodule;
				SWIFT_OPTIMIZATION_LEVEL = "-O";
				VALIDATE_PRODUCT = YES;
			};
			name = Release;
		};
		5BBB5A0F2996F82E0020EE73 /* Debug */ = {
			isa = XCBuildConfiguration;
			buildSettings = {
				CODE_SIGN_STYLE = Automatic;
				CURRENT_PROJECT_VERSION = 1;
				DEVELOPMENT_TEAM = L3FVAEPEHR;
				GENERATE_INFOPLIST_FILE = YES;
				INFOPLIST_FILE = "WebpayEnhancer Extension/Info.plist";
				INFOPLIST_KEY_CFBundleDisplayName = "WebpayEnhancer Extension";
				INFOPLIST_KEY_NSHumanReadableCopyright = "";
				IPHONEOS_DEPLOYMENT_TARGET = 15.0;
				LD_RUNPATH_SEARCH_PATHS = (
					"$(inherited)",
					"@executable_path/Frameworks",
					"@executable_path/../../Frameworks",
				);
				MARKETING_VERSION = 1.0;
				OTHER_LDFLAGS = (
					"-framework",
					SafariServices,
				);
				PRODUCT_BUNDLE_IDENTIFIER = work.lau.WebpayEnhancer.Extension;
				PRODUCT_NAME = "$(TARGET_NAME)";
				SKIP_INSTALL = YES;
				SWIFT_EMIT_LOC_STRINGS = YES;
				SWIFT_VERSION = 5.0;
				TARGETED_DEVICE_FAMILY = "1,2";
			};
			name = Debug;
		};
		5BBB5A102996F82E0020EE73 /* Release */ = {
			isa = XCBuildConfiguration;
			buildSettings = {
				CODE_SIGN_STYLE = Automatic;
				CURRENT_PROJECT_VERSION = 1;
				DEVELOPMENT_TEAM = L3FVAEPEHR;
				GENERATE_INFOPLIST_FILE = YES;
				INFOPLIST_FILE = "WebpayEnhancer Extension/Info.plist";
				INFOPLIST_KEY_CFBundleDisplayName = "WebpayEnhancer Extension";
				INFOPLIST_KEY_NSHumanReadableCopyright = "";
				IPHONEOS_DEPLOYMENT_TARGET = 15.0;
				LD_RUNPATH_SEARCH_PATHS = (
					"$(inherited)",
					"@executable_path/Frameworks",
					"@executable_path/../../Frameworks",
				);
				MARKETING_VERSION = 1.0;
				OTHER_LDFLAGS = (
					"-framework",
					SafariServices,
				);
				PRODUCT_BUNDLE_IDENTIFIER = work.lau.WebpayEnhancer.Extension;
				PRODUCT_NAME = "$(TARGET_NAME)";
				SKIP_INSTALL = YES;
				SWIFT_EMIT_LOC_STRINGS = YES;
				SWIFT_VERSION = 5.0;
				TARGETED_DEVICE_FAMILY = "1,2";
			};
			name = Release;
		};
		5BBB5A132996F82E0020EE73 /* Debug */ = {
			isa = XCBuildConfiguration;
			buildSettings = {
				ALWAYS_EMBED_SWIFT_STANDARD_LIBRARIES = YES;
				ASSETCATALOG_COMPILER_APPICON_NAME = AppIcon;
				ASSETCATALOG_COMPILER_GLOBAL_ACCENT_COLOR_NAME = AccentColor;
				CODE_SIGN_STYLE = Automatic;
				CURRENT_PROJECT_VERSION = 1;
				DEVELOPMENT_TEAM = L3FVAEPEHR;
				GENERATE_INFOPLIST_FILE = YES;
				INFOPLIST_FILE = WebpayEnhancer/Info.plist;
				INFOPLIST_KEY_CFBundleDisplayName = Phil;
				INFOPLIST_KEY_UIApplicationSupportsIndirectInputEvents = YES;
				INFOPLIST_KEY_UILaunchStoryboardName = LaunchScreen;
				INFOPLIST_KEY_UIMainStoryboardFile = Main;
				INFOPLIST_KEY_UISupportedInterfaceOrientations_iPad = "UIInterfaceOrientationPortrait UIInterfaceOrientationPortraitUpsideDown UIInterfaceOrientationLandscapeLeft UIInterfaceOrientationLandscapeRight";
				INFOPLIST_KEY_UISupportedInterfaceOrientations_iPhone = "UIInterfaceOrientationPortrait UIInterfaceOrientationLandscapeLeft UIInterfaceOrientationLandscapeRight";
				IPHONEOS_DEPLOYMENT_TARGET = 15.0;
				LD_RUNPATH_SEARCH_PATHS = (
					"$(inherited)",
					"@executable_path/Frameworks",
				);
				MARKETING_VERSION = 1.0;
				OTHER_LDFLAGS = (
					"-framework",
					SafariServices,
					"-framework",
					WebKit,
				);
				PRODUCT_BUNDLE_IDENTIFIER = work.lau.WebpayEnhancer;
				PRODUCT_NAME = "$(TARGET_NAME)";
				SWIFT_EMIT_LOC_STRINGS = YES;
				SWIFT_VERSION = 5.0;
				TARGETED_DEVICE_FAMILY = "1,2";
			};
			name = Debug;
		};
		5BBB5A142996F82E0020EE73 /* Release */ = {
			isa = XCBuildConfiguration;
			buildSettings = {
				ALWAYS_EMBED_SWIFT_STANDARD_LIBRARIES = YES;
				ASSETCATALOG_COMPILER_APPICON_NAME = AppIcon;
				ASSETCATALOG_COMPILER_GLOBAL_ACCENT_COLOR_NAME = AccentColor;
				CODE_SIGN_STYLE = Automatic;
				CURRENT_PROJECT_VERSION = 1;
				DEVELOPMENT_TEAM = L3FVAEPEHR;
				GENERATE_INFOPLIST_FILE = YES;
				INFOPLIST_FILE = WebpayEnhancer/Info.plist;
				INFOPLIST_KEY_CFBundleDisplayName = Phil;
				INFOPLIST_KEY_UIApplicationSupportsIndirectInputEvents = YES;
				INFOPLIST_KEY_UILaunchStoryboardName = LaunchScreen;
				INFOPLIST_KEY_UIMainStoryboardFile = Main;
				INFOPLIST_KEY_UISupportedInterfaceOrientations_iPad = "UIInterfaceOrientationPortrait UIInterfaceOrientationPortraitUpsideDown UIInterfaceOrientationLandscapeLeft UIInterfaceOrientationLandscapeRight";
				INFOPLIST_KEY_UISupportedInterfaceOrientations_iPhone = "UIInterfaceOrientationPortrait UIInterfaceOrientationLandscapeLeft UIInterfaceOrientationLandscapeRight";
				IPHONEOS_DEPLOYMENT_TARGET = 15.0;
				LD_RUNPATH_SEARCH_PATHS = (
					"$(inherited)",
					"@executable_path/Frameworks",
				);
				MARKETING_VERSION = 1.0;
				OTHER_LDFLAGS = (
					"-framework",
					SafariServices,
					"-framework",
					WebKit,
				);
				PRODUCT_BUNDLE_IDENTIFIER = work.lau.WebpayEnhancer;
				PRODUCT_NAME = "$(TARGET_NAME)";
				SWIFT_EMIT_LOC_STRINGS = YES;
				SWIFT_VERSION = 5.0;
				TARGETED_DEVICE_FAMILY = "1,2";
			};
			name = Release;
		};
/* End XCBuildConfiguration section */

/* Begin XCConfigurationList section */
		5BBB59D02996F82C0020EE73 /* Build configuration list for PBXProject "WebpayEnhancer" */ = {
			isa = XCConfigurationList;
			buildConfigurations = (
				5BBB5A0C2996F82E0020EE73 /* Debug */,
				5BBB5A0D2996F82E0020EE73 /* Release */,
			);
			defaultConfigurationIsVisible = 0;
			defaultConfigurationName = Release;
		};
		5BBB5A0E2996F82E0020EE73 /* Build configuration list for PBXNativeTarget "WebpayEnhancer Extension" */ = {
			isa = XCConfigurationList;
			buildConfigurations = (
				5BBB5A0F2996F82E0020EE73 /* Debug */,
				5BBB5A102996F82E0020EE73 /* Release */,
			);
			defaultConfigurationIsVisible = 0;
			defaultConfigurationName = Release;
		};
		5BBB5A122996F82E0020EE73 /* Build configuration list for PBXNativeTarget "WebpayEnhancer" */ = {
			isa = XCConfigurationList;
			buildConfigurations = (
				5BBB5A132996F82E0020EE73 /* Debug */,
				5BBB5A142996F82E0020EE73 /* Release */,
			);
			defaultConfigurationIsVisible = 0;
			defaultConfigurationName = Release;
		};
/* End XCConfigurationList section */
	};
	rootObject = 5BBB59CD2996F82C0020EE73 /* Project object */;
}
